
Microsoft Visual Studio Solution File, Format Version 12.00
# Visual Studio Version 17
VisualStudioVersion = 17.7.34018.315
MinimumVisualStudioVersion = 10.0.40219.1
Project("{FAE04EC0-301F-11D3-BF4B-00C04F79EFBC}") = "EstructuraSeleccionMultiple2Consola", "EstructuraSeleccionMultiple2Consola\EstructuraSeleccionMultiple2Consola.csproj", "{0C085A51-19DE-4685-90DB-B82E20229B15}"
EndProject
Global
	GlobalSection(SolutionConfigurationPlatforms) = preSolution
		Debug|Any CPU = Debug|Any CPU
		Release|Any CPU = Release|Any CPU
	EndGlobalSection
	GlobalSection(ProjectConfigurationPlatforms) = postSolution
		{0C085A51-19DE-4685-90DB-B82E20229B15}.Debug|Any CPU.ActiveCfg = Debug|Any CPU
		{0C085A51-19DE-4685-90DB-B82E20229B15}.Debug|Any CPU.Build.0 = Debug|Any CPU
		{0C085A51-19DE-4685-90DB-B82E20229B15}.Release|Any CPU.ActiveCfg = Release|Any CPU
		{0C085A51-19DE-4685-90DB-B82E20229B15}.Release|Any CPU.Build.0 = Release|Any CPU
	EndGlobalSection
	GlobalSection(SolutionProperties) = preSolution
		HideSolutionNode = FALSE
	EndGlobalSection
	GlobalSection(ExtensibilityGlobals) = postSolution
		SolutionGuid = {C54ECC60-4D90-4282-86B1-F92276BB1C05}
	EndGlobalSection
EndGlobal
